// !$*UTF8*$!
{
	archiveVersion = 1;
	classes = {
	};
	objectVersion = 46;
	objects = {

/* Begin PBXBuildFile section */
		C4C39FF61EB4DD6A00EC55BE /* AppDelegate.swift in Sources */ = {isa = PBXBuildFile; fileRef = C4C39FF51EB4DD6A00EC55BE /* AppDelegate.swift */; };
		C4C39FF81EB4DD6A00EC55BE /* ViewController.swift in Sources */ = {isa = PBXBuildFile; fileRef = C4C39FF71EB4DD6A00EC55BE /* ViewController.swift */; };
		C4C39FFB1EB4DD6A00EC55BE /* Main.storyboard in Resources */ = {isa = PBXBuildFile; fileRef = C4C39FF91EB4DD6A00EC55BE /* Main.storyboard */; };
		C4C39FFD1EB4DD6A00EC55BE /* Assets.xcassets in Resources */ = {isa = PBXBuildFile; fileRef = C4C39FFC1EB4DD6A00EC55BE /* Assets.xcassets */; };
		C4C3A0001EB4DD6A00EC55BE /* LaunchScreen.storyboard in Resources */ = {isa = PBXBuildFile; fileRef = C4C39FFE1EB4DD6A00EC55BE /* LaunchScreen.storyboard */; };
		C4C3A0091EB5F0B300EC55BE /* CNN.swift in Sources */ = {isa = PBXBuildFile; fileRef = C4C3A0081EB5F0B300EC55BE /* CNN.swift */; };
		C4C3A00B1EB5F15100EC55BE /* MPSImage+Array.swift in Sources */ = {isa = PBXBuildFile; fileRef = C4C3A00A1EB5F15100EC55BE /* MPSImage+Array.swift */; };
		C4C3A00D1EB5F1B900EC55BE /* CNNModel.swift in Sources */ = {isa = PBXBuildFile; fileRef = C4C3A00C1EB5F1B900EC55BE /* CNNModel.swift */; };
		C4C3A00F1EB5F20700EC55BE /* MNIST.swift in Sources */ = {isa = PBXBuildFile; fileRef = C4C3A00E1EB5F20700EC55BE /* MNIST.swift */; };
		C4C3A0111EB5F30C00EC55BE /* CNN+Layer.swift in Sources */ = {isa = PBXBuildFile; fileRef = C4C3A0101EB5F30C00EC55BE /* CNN+Layer.swift */; };
/* End PBXBuildFile section */

/* Begin PBXFileReference section */
		C4C39FF21EB4DD6A00EC55BE /* MPSCNN.app */ = {isa = PBXFileReference; explicitFileType = wrapper.application; includeInIndex = 0; path = MPSCNN.app; sourceTree = BUILT_PRODUCTS_DIR; };
		C4C39FF51EB4DD6A00EC55BE /* AppDelegate.swift */ = {isa = PBXFileReference; lastKnownFileType = sourcecode.swift; path = AppDelegate.swift; sourceTree = "<group>"; };
		C4C39FF71EB4DD6A00EC55BE /* ViewController.swift */ = {isa = PBXFileReference; lastKnownFileType = sourcecode.swift; path = ViewController.swift; sourceTree = "<group>"; };
		C4C39FFA1EB4DD6A00EC55BE /* Base */ = {isa = PBXFileReference; lastKnownFileType = file.storyboard; name = Base; path = Base.lproj/Main.storyboard; sourceTree = "<group>"; };
		C4C39FFC1EB4DD6A00EC55BE /* Assets.xcassets */ = {isa = PBXFileReference; lastKnownFileType = folder.assetcatalog; path = Assets.xcassets; sourceTree = "<group>"; };
		C4C39FFF1EB4DD6A00EC55BE /* Base */ = {isa = PBXFileReference; lastKnownFileType = file.storyboard; name = Base; path = Base.lproj/LaunchScreen.storyboard; sourceTree = "<group>"; };
		C4C3A0011EB4DD6A00EC55BE /* Info.plist */ = {isa = PBXFileReference; lastKnownFileType = text.plist.xml; path = Info.plist; sourceTree = "<group>"; };
		C4C3A0081EB5F0B300EC55BE /* CNN.swift */ = {isa = PBXFileReference; fileEncoding = 4; lastKnownFileType = sourcecode.swift; path = CNN.swift; sourceTree = "<group>"; };
		C4C3A00A1EB5F15100EC55BE /* MPSImage+Array.swift */ = {isa = PBXFileReference; fileEncoding = 4; lastKnownFileType = sourcecode.swift; path = "MPSImage+Array.swift"; sourceTree = "<group>"; };
		C4C3A00C1EB5F1B900EC55BE /* CNNModel.swift */ = {isa = PBXFileReference; fileEncoding = 4; lastKnownFileType = sourcecode.swift; path = CNNModel.swift; sourceTree = "<group>"; };
		C4C3A00E1EB5F20700EC55BE /* MNIST.swift */ = {isa = PBXFileReference; fileEncoding = 4; lastKnownFileType = sourcecode.swift; path = MNIST.swift; sourceTree = "<group>"; };
		C4C3A0101EB5F30C00EC55BE /* CNN+Layer.swift */ = {isa = PBXFileReference; fileEncoding = 4; lastKnownFileType = sourcecode.swift; path = "CNN+Layer.swift"; sourceTree = "<group>"; };
/* End PBXFileReference section */

/* Begin PBXFrameworksBuildPhase section */
		C4C39FEF1EB4DD6A00EC55BE /* Frameworks */ = {
			isa = PBXFrameworksBuildPhase;
			buildActionMask = 2147483647;
			files = (
			);
			runOnlyForDeploymentPostprocessing = 0;
		};
/* End PBXFrameworksBuildPhase section */

/* Begin PBXGroup section */
		C4C39FE91EB4DD6A00EC55BE = {
			isa = PBXGroup;
			children = (
				C4C39FF41EB4DD6A00EC55BE /* MPSCNN */,
				C4C39FF31EB4DD6A00EC55BE /* Products */,
			);
			sourceTree = "<group>";
		};
		C4C39FF31EB4DD6A00EC55BE /* Products */ = {
			isa = PBXGroup;
			children = (
				C4C39FF21EB4DD6A00EC55BE /* MPSCNN.app */,
			);
			name = Products;
			sourceTree = "<group>";
		};
		C4C39FF41EB4DD6A00EC55BE /* MPSCNN */ = {
			isa = PBXGroup;
			children = (
				C4C39FF51EB4DD6A00EC55BE /* AppDelegate.swift */,
				C4C39FF71EB4DD6A00EC55BE /* ViewController.swift */,
				C4C3A00E1EB5F20700EC55BE /* MNIST.swift */,
				C4C39FF91EB4DD6A00EC55BE /* Main.storyboard */,
				C4C3A0071EB5F08500EC55BE /* MPSCNN */,
				C4C39FFC1EB4DD6A00EC55BE /* Assets.xcassets */,
				C4C39FFE1EB4DD6A00EC55BE /* LaunchScreen.storyboard */,
				C4C3A0011EB4DD6A00EC55BE /* Info.plist */,
			);
			path = MPSCNN;
			sourceTree = "<group>";
		};
		C4C3A0071EB5F08500EC55BE /* MPSCNN */ = {
			isa = PBXGroup;
			children = (
				C4C3A0081EB5F0B300EC55BE /* CNN.swift */,
				C4C3A0101EB5F30C00EC55BE /* CNN+Layer.swift */,
				C4C3A00C1EB5F1B900EC55BE /* CNNModel.swift */,
				C4C3A00A1EB5F15100EC55BE /* MPSImage+Array.swift */,
			);
			path = MPSCNN;
			sourceTree = "<group>";
		};
/* End PBXGroup section */

/* Begin PBXNativeTarget section */
		C4C39FF11EB4DD6A00EC55BE /* MPSCNN */ = {
			isa = PBXNativeTarget;
			buildConfigurationList = C4C3A0041EB4DD6A00EC55BE /* Build configuration list for PBXNativeTarget "MPSCNN" */;
			buildPhases = (
				C4C39FEE1EB4DD6A00EC55BE /* Sources */,
				C4C39FEF1EB4DD6A00EC55BE /* Frameworks */,
				C4C39FF01EB4DD6A00EC55BE /* Resources */,
			);
			buildRules = (
			);
			dependencies = (
			);
			name = MPSCNN;
			productName = MPSCNN;
			productReference = C4C39FF21EB4DD6A00EC55BE /* MPSCNN.app */;
			productType = "com.apple.product-type.application";
		};
/* End PBXNativeTarget section */

/* Begin PBXProject section */
		C4C39FEA1EB4DD6A00EC55BE /* Project object */ = {
			isa = PBXProject;
			attributes = {
				LastSwiftUpdateCheck = 0830;
				LastUpgradeCheck = 0830;
				ORGANIZATIONNAME = M.Ike;
				TargetAttributes = {
					C4C39FF11EB4DD6A00EC55BE = {
						CreatedOnToolsVersion = 8.3.1;
						DevelopmentTeam = ZA482485NV;
						ProvisioningStyle = Automatic;
					};
				};
			};
			buildConfigurationList = C4C39FED1EB4DD6A00EC55BE /* Build configuration list for PBXProject "MPSCNN" */;
			compatibilityVersion = "Xcode 3.2";
			developmentRegion = English;
			hasScannedForEncodings = 0;
			knownRegions = (
				en,
				Base,
			);
			mainGroup = C4C39FE91EB4DD6A00EC55BE;
			productRefGroup = C4C39FF31EB4DD6A00EC55BE /* Products */;
			projectDirPath = "";
			projectRoot = "";
			targets = (
				C4C39FF11EB4DD6A00EC55BE /* MPSCNN */,
			);
		};
/* End PBXProject section */

/* Begin PBXResourcesBuildPhase section */
		C4C39FF01EB4DD6A00EC55BE /* Resources */ = {
			isa = PBXResourcesBuildPhase;
			buildActionMask = 2147483647;
			files = (
				C4C3A0001EB4DD6A00EC55BE /* LaunchScreen.storyboard in Resources */,
				C4C39FFD1EB4DD6A00EC55BE /* Assets.xcassets in Resources */,
				C4C39FFB1EB4DD6A00EC55BE /* Main.storyboard in Resources */,
			);
			runOnlyForDeploymentPostprocessing = 0;
		};
/* End PBXResourcesBuildPhase section */

/* Begin PBXSourcesBuildPhase section */
		C4C39FEE1EB4DD6A00EC55BE /* Sources */ = {
			isa = PBXSourcesBuildPhase;
			buildActionMask = 2147483647;
			files = (
				C4C3A00B1EB5F15100EC55BE /* MPSImage+Array.swift in Sources */,
				C4C3A00F1EB5F20700EC55BE /* MNIST.swift in Sources */,
				C4C3A0111EB5F30C00EC55BE /* CNN+Layer.swift in Sources */,
				C4C39FF81EB4DD6A00EC55BE /* ViewController.swift in Sources */,
				C4C3A00D1EB5F1B900EC55BE /* CNNModel.swift in Sources */,
				C4C39FF61EB4DD6A00EC55BE /* AppDelegate.swift in Sources */,
				C4C3A0091EB5F0B300EC55BE /* CNN.swift in Sources */,
			);
			runOnlyForDeploymentPostprocessing = 0;
		};
/* End PBXSourcesBuildPhase section */

/* Begin PBXVariantGroup section */
		C4C39FF91EB4DD6A00EC55BE /* Main.storyboard */ = {
			isa = PBXVariantGroup;
			children = (
				C4C39FFA1EB4DD6A00EC55BE /* Base */,
			);
			name = Main.storyboard;
			sourceTree = "<group>";
		};
		C4C39FFE1EB4DD6A00EC55BE /* LaunchScreen.storyboard */ = {
			isa = PBXVariantGroup;
			children = (
				C4C39FFF1EB4DD6A00EC55BE /* Base */,
			);
			name = LaunchScreen.storyboard;
			sourceTree = "<group>";
		};
/* End PBXVariantGroup section */

/* Begin XCBuildConfiguration section */
		C4C3A0021EB4DD6A00EC55BE /* Debug */ = {
			isa = XCBuildConfiguration;
			buildSettings = {
				ALWAYS_SEARCH_USER_PATHS = NO;
				CLANG_ANALYZER_NONNULL = YES;
				CLANG_ANALYZER_NUMBER_OBJECT_CONVERSION = YES_AGGRESSIVE;
				CLANG_CXX_LANGUAGE_STANDARD = "gnu++0x";
				CLANG_CXX_LIBRARY = "libc++";
				CLANG_ENABLE_MODULES = YES;
				CLANG_ENABLE_OBJC_ARC = YES;
				CLANG_WARN_BOOL_CONVERSION = YES;
				CLANG_WARN_CONSTANT_CONVERSION = YES;
				CLANG_WARN_DIRECT_OBJC_ISA_USAGE = YES_ERROR;
				CLANG_WARN_DOCUMENTATION_COMMENTS = YES;
				CLANG_WARN_EMPTY_BODY = YES;
				CLANG_WARN_ENUM_CONVERSION = YES;
				CLANG_WARN_INFINITE_RECURSION = YES;
				CLANG_WARN_INT_CONVERSION = YES;
				CLANG_WARN_OBJC_ROOT_CLASS = YES_ERROR;
				CLANG_WARN_SUSPICIOUS_MOVE = YES;
				CLANG_WARN_UNREACHABLE_CODE = YES;
				CLANG_WARN__DUPLICATE_METHOD_MATCH = YES;
				"CODE_SIGN_IDENTITY[sdk=iphoneos*]" = "iPhone Developer";
				COPY_PHASE_STRIP = NO;
				DEBUG_INFORMATION_FORMAT = dwarf;
				ENABLE_STRICT_OBJC_MSGSEND = YES;
				ENABLE_TESTABILITY = YES;
				GCC_C_LANGUAGE_STANDARD = gnu99;
				GCC_DYNAMIC_NO_PIC = NO;
				GCC_NO_COMMON_BLOCKS = YES;
				GCC_OPTIMIZATION_LEVEL = 0;
				GCC_PREPROCESSOR_DEFINITIONS = (
					"DEBUG=1",
					"$(inherited)",
				);
				GCC_WARN_64_TO_32_BIT_CONVERSION = YES;
				GCC_WARN_ABOUT_RETURN_TYPE = YES_ERROR;
				GCC_WARN_UNDECLARED_SELECTOR = YES;
				GCC_WARN_UNINITIALIZED_AUTOS = YES_AGGRESSIVE;
				GCC_WARN_UNUSED_FUNCTION = YES;
				GCC_WARN_UNUSED_VARIABLE = YES;
				IPHONEOS_DEPLOYMENT_TARGET = 10.3;
				MTL_ENABLE_DEBUG_INFO = YES;
				ONLY_ACTIVE_ARCH = YES;
				SDKROOT = iphoneos;
				SWIFT_ACTIVE_COMPILATION_CONDITIONS = DEBUG;
				SWIFT_OPTIMIZATION_LEVEL = "-Onone";
				TARGETED_DEVICE_FAMILY = "1,2";
			};
			name = Debug;
		};
		C4C3A0031EB4DD6A00EC55BE /* Release */ = {
			isa = XCBuildConfiguration;
			buildSettings = {
				ALWAYS_SEARCH_USER_PATHS = NO;
				CLANG_ANALYZER_NONNULL = YES;
				CLANG_ANALYZER_NUMBER_OBJECT_CONVERSION = YES_AGGRESSIVE;
				CLANG_CXX_LANGUAGE_STANDARD = "gnu++0x";
				CLANG_CXX_LIBRARY = "libc++";
				CLANG_ENABLE_MODULES = YES;
				CLANG_ENABLE_OBJC_ARC = YES;
				CLANG_WARN_BOOL_CONVERSION = YES;
				CLANG_WARN_CONSTANT_CONVERSION = YES;
				CLANG_WARN_DIRECT_OBJC_ISA_USAGE = YES_ERROR;
				CLANG_WARN_DOCUMENTATION_COMMENTS = YES;
				CLANG_WARN_EMPTY_BODY = YES;
				CLANG_WARN_ENUM_CONVERSION = YES;
				CLANG_WARN_INFINITE_RECURSION = YES;
				CLANG_WARN_INT_CONVERSION = YES;
				CLANG_WARN_OBJC_ROOT_CLASS = YES_ERROR;
				CLANG_WARN_SUSPICIOUS_MOVE = YES;
				CLANG_WARN_UNREACHABLE_CODE = YES;
				CLANG_WARN__DUPLICATE_METHOD_MATCH = YES;
				"CODE_SIGN_IDENTITY[sdk=iphoneos*]" = "iPhone Developer";
				COPY_PHASE_STRIP = NO;
				DEBUG_INFORMATION_FORMAT = "dwarf-with-dsym";
				ENABLE_NS_ASSERTIONS = NO;
				ENABLE_STRICT_OBJC_MSGSEND = YES;
				GCC_C_LANGUAGE_STANDARD = gnu99;
				GCC_NO_COMMON_BLOCKS = YES;
				GCC_WARN_64_TO_32_BIT_CONVERSION = YES;
				GCC_WARN_ABOUT_RETURN_TYPE = YES_ERROR;
				GCC_WARN_UNDECLARED_SELECTOR = YES;
				GCC_WARN_UNINITIALIZED_AUTOS = YES_AGGRESSIVE;
				GCC_WARN_UNUSED_FUNCTION = YES;
				GCC_WARN_UNUSED_VARIABLE = YES;
				IPHONEOS_DEPLOYMENT_TARGET = 10.3;
				MTL_ENABLE_DEBUG_INFO = NO;
				SDKROOT = iphoneos;
				SWIFT_OPTIMIZATION_LEVEL = "-Owholemodule";
				TARGETED_DEVICE_FAMILY = "1,2";
				VALIDATE_PRODUCT = YES;
			};
			name = Release;
		};
		C4C3A0051EB4DD6A00EC55BE /* Debug */ = {
			isa = XCBuildConfiguration;
			buildSettings = {
				ASSETCATALOG_COMPILER_APPICON_NAME = AppIcon;
				DEVELOPMENT_TEAM = ZA482485NV;
				INFOPLIST_FILE = MPSCNN/Info.plist;
				LD_RUNPATH_SEARCH_PATHS = "$(inherited) @executable_path/Frameworks";
				PRODUCT_BUNDLE_IDENTIFIER = "com.mikeneko-app.MPSCNN";
				PRODUCT_NAME = "$(TARGET_NAME)";
				SWIFT_VERSION = 3.0;
			};
			name = Debug;
		};
		C4C3A0061EB4DD6A00EC55BE /* Release */ = {
			isa = XCBuildConfiguration;
			buildSettings = {
				ASSETCATALOG_COMPILER_APPICON_NAME = AppIcon;
				DEVELOPMENT_TEAM = ZA482485NV;
				INFOPLIST_FILE = MPSCNN/Info.plist;
				LD_RUNPATH_SEARCH_PATHS = "$(inherited) @executable_path/Frameworks";
				PRODUCT_BUNDLE_IDENTIFIER = "com.mikeneko-app.MPSCNN";
				PRODUCT_NAME = "$(TARGET_NAME)";
				SWIFT_VERSION = 3.0;
			};
			name = Release;
		};
/* End XCBuildConfiguration section */

/* Begin XCConfigurationList section */
		C4C39FED1EB4DD6A00EC55BE /* Build configuration list for PBXProject "MPSCNN" */ = {
			isa = XCConfigurationList;
			buildConfigurations = (
				C4C3A0021EB4DD6A00EC55BE /* Debug */,
				C4C3A0031EB4DD6A00EC55BE /* Release */,
			);
			defaultConfigurationIsVisible = 0;
			defaultConfigurationName = Release;
		};
		C4C3A0041EB4DD6A00EC55BE /* Build configuration list for PBXNativeTarget "MPSCNN" */ = {
			isa = XCConfigurationList;
			buildConfigurations = (
				C4C3A0051EB4DD6A00EC55BE /* Debug */,
				C4C3A0061EB4DD6A00EC55BE /* Release */,
			);
			defaultConfigurationIsVisible = 0;
			defaultConfigurationName = Release;
		};
/* End XCConfigurationList section */
	};
	rootObject = C4C39FEA1EB4DD6A00EC55BE /* Project object */;
}
